
Microsoft Visual Studio Solution File, Format Version 12.00
# Visual Studio Version 16
VisualStudioVersion = 16.0.29709.97
MinimumVisualStudioVersion = 10.0.40219.1
Project("{9A19103F-16F7-4668-BE54-9A1E7A4F7556}") = "OnlineShopApi.presentation", "OnlineShopApi.presentation\OnlineShopApi.presentation.csproj", "{EB2E525E-2A36-463F-9871-BE289E276D5A}"
EndProject
Project("{9A19103F-16F7-4668-BE54-9A1E7A4F7556}") = "OnlineShopApi.domain", "OnlineShopApi.domain\OnlineShopApi.domain.csproj", "{117FEB4A-2384-453C-8E58-DF02548508E9}"
EndProject
Project("{9A19103F-16F7-4668-BE54-9A1E7A4F7556}") = "OnlineShopApi.data", "OnlineShopApi.data\OnlineShopApi.data.csproj", "{1CD2D200-F4F2-4ABE-8FBB-2545F64EAF4F}"
EndProject
Project("{2150E333-8FDC-42A3-9474-1A3956D46DE8}") = "Data", "Data", "{4D853F24-DA54-4D56-9D98-417DF5EBD133}"
EndProject
Project("{2150E333-8FDC-42A3-9474-1A3956D46DE8}") = "Domain", "Domain", "{7CC91622-2416-4DBA-9D58-51EF56829A5A}"
EndProject
Project("{2150E333-8FDC-42A3-9474-1A3956D46DE8}") = "Presentation", "Presentation", "{63815119-DB25-4AFD-921F-0677DD3E3B12}"
EndProject
Project("{2150E333-8FDC-42A3-9474-1A3956D46DE8}") = "Tests", "Tests", "{96E82D8E-F3A3-4622-B9EF-5C3CDEA1BAC5}"
EndProject
Project("{FAE04EC0-301F-11D3-BF4B-00C04F79EFBC}") = "OnlineShopApi.presentation.test", "OnlineShopApi.presentation.test\OnlineShopApi.presentation.test.csproj", "{DBE0BC51-EC5A-4EBE-BF8A-6A54622EA829}"
EndProject
Project("{FAE04EC0-301F-11D3-BF4B-00C04F79EFBC}") = "OnlineShopApi.domain.test", "OnlineShopApi.domain.test\OnlineShopApi.domain.test.csproj", "{BD2C9B69-B38C-4BD7-95D9-BFA4B39BB67C}"
EndProject
Project("{FAE04EC0-301F-11D3-BF4B-00C04F79EFBC}") = "OnlineShopApi.data.test", "OnlineShopApi.data.test\OnlineShopApi.data.test.csproj", "{77FD3998-7A6A-481F-9E58-EB6A0D818DBD}"
EndProject
Global
	GlobalSection(SolutionConfigurationPlatforms) = preSolution
		Debug|Any CPU = Debug|Any CPU
		Release|Any CPU = Release|Any CPU
	EndGlobalSection
	GlobalSection(ProjectConfigurationPlatforms) = postSolution
		{EB2E525E-2A36-463F-9871-BE289E276D5A}.Debug|Any CPU.ActiveCfg = Debug|Any CPU
		{EB2E525E-2A36-463F-9871-BE289E276D5A}.Debug|Any CPU.Build.0 = Debug|Any CPU
		{EB2E525E-2A36-463F-9871-BE289E276D5A}.Release|Any CPU.ActiveCfg = Release|Any CPU
		{EB2E525E-2A36-463F-9871-BE289E276D5A}.Release|Any CPU.Build.0 = Release|Any CPU
		{117FEB4A-2384-453C-8E58-DF02548508E9}.Debug|Any CPU.ActiveCfg = Debug|Any CPU
		{117FEB4A-2384-453C-8E58-DF02548508E9}.Debug|Any CPU.Build.0 = Debug|Any CPU
		{117FEB4A-2384-453C-8E58-DF02548508E9}.Release|Any CPU.ActiveCfg = Release|Any CPU
		{117FEB4A-2384-453C-8E58-DF02548508E9}.Release|Any CPU.Build.0 = Release|Any CPU
		{1CD2D200-F4F2-4ABE-8FBB-2545F64EAF4F}.Debug|Any CPU.ActiveCfg = Debug|Any CPU
		{1CD2D200-F4F2-4ABE-8FBB-2545F64EAF4F}.Debug|Any CPU.Build.0 = Debug|Any CPU
		{1CD2D200-F4F2-4ABE-8FBB-2545F64EAF4F}.Release|Any CPU.ActiveCfg = Release|Any CPU
		{1CD2D200-F4F2-4ABE-8FBB-2545F64EAF4F}.Release|Any CPU.Build.0 = Release|Any CPU
		{DBE0BC51-EC5A-4EBE-BF8A-6A54622EA829}.Debug|Any CPU.ActiveCfg = Debug|Any CPU
		{DBE0BC51-EC5A-4EBE-BF8A-6A54622EA829}.Debug|Any CPU.Build.0 = Debug|Any CPU
		{DBE0BC51-EC5A-4EBE-BF8A-6A54622EA829}.Release|Any CPU.ActiveCfg = Release|Any CPU
		{DBE0BC51-EC5A-4EBE-BF8A-6A54622EA829}.Release|Any CPU.Build.0 = Release|Any CPU
		{BD2C9B69-B38C-4BD7-95D9-BFA4B39BB67C}.Debug|Any CPU.ActiveCfg = Debug|Any CPU
		{BD2C9B69-B38C-4BD7-95D9-BFA4B39BB67C}.Debug|Any CPU.Build.0 = Debug|Any CPU
		{BD2C9B69-B38C-4BD7-95D9-BFA4B39BB67C}.Release|Any CPU.ActiveCfg = Release|Any CPU
		{BD2C9B69-B38C-4BD7-95D9-BFA4B39BB67C}.Release|Any CPU.Build.0 = Release|Any CPU
		{77FD3998-7A6A-481F-9E58-EB6A0D818DBD}.Debug|Any CPU.ActiveCfg = Debug|Any CPU
		{77FD3998-7A6A-481F-9E58-EB6A0D818DBD}.Debug|Any CPU.Build.0 = Debug|Any CPU
		{77FD3998-7A6A-481F-9E58-EB6A0D818DBD}.Release|Any CPU.ActiveCfg = Release|Any CPU
		{77FD3998-7A6A-481F-9E58-EB6A0D818DBD}.Release|Any CPU.Build.0 = Release|Any CPU
	EndGlobalSection
	GlobalSection(SolutionProperties) = preSolution
		HideSolutionNode = FALSE
	EndGlobalSection
	GlobalSection(NestedProjects) = preSolution
		{EB2E525E-2A36-463F-9871-BE289E276D5A} = {63815119-DB25-4AFD-921F-0677DD3E3B12}
		{117FEB4A-2384-453C-8E58-DF02548508E9} = {7CC91622-2416-4DBA-9D58-51EF56829A5A}
		{1CD2D200-F4F2-4ABE-8FBB-2545F64EAF4F} = {4D853F24-DA54-4D56-9D98-417DF5EBD133}
		{DBE0BC51-EC5A-4EBE-BF8A-6A54622EA829} = {96E82D8E-F3A3-4622-B9EF-5C3CDEA1BAC5}
		{BD2C9B69-B38C-4BD7-95D9-BFA4B39BB67C} = {96E82D8E-F3A3-4622-B9EF-5C3CDEA1BAC5}
		{77FD3998-7A6A-481F-9E58-EB6A0D818DBD} = {96E82D8E-F3A3-4622-B9EF-5C3CDEA1BAC5}
	EndGlobalSection
	GlobalSection(ExtensibilityGlobals) = postSolution
		SolutionGuid = {6FA324A8-54A0-49C4-AD25-B28276FC8BF6}
	EndGlobalSection
EndGlobal
