
Microsoft Visual Studio Solution File, Format Version 12.00
# Visual Studio Version 16
VisualStudioVersion = 16.0.29709.97
MinimumVisualStudioVersion = 10.0.40219.1
Project("{FAE04EC0-301F-11D3-BF4B-00C04F79EFBC}") = "OnlineShopApi.presentation", "OnlineShopApi.presentation\OnlineShopApi.presentation.csproj", "{EB2E525E-2A36-463F-9871-BE289E276D5A}"
EndProject
Project("{FAE04EC0-301F-11D3-BF4B-00C04F79EFBC}") = "OnlineShopApi.domain", "OnlineShopApi.domain\OnlineShopApi.domain.csproj", "{117FEB4A-2384-453C-8E58-DF02548508E9}"
EndProject
Project("{FAE04EC0-301F-11D3-BF4B-00C04F79EFBC}") = "OnlineShopApi.data", "OnlineShopApi.data\OnlineShopApi.data.csproj", "{1CD2D200-F4F2-4ABE-8FBB-2545F64EAF4F}"
EndProject
Global
	GlobalSection(SolutionConfigurationPlatforms) = preSolution
		Debug|Any CPU = Debug|Any CPU
		Release|Any CPU = Release|Any CPU
	EndGlobalSection
	GlobalSection(ProjectConfigurationPlatforms) = postSolution
		{EB2E525E-2A36-463F-9871-BE289E276D5A}.Debug|Any CPU.ActiveCfg = Debug|Any CPU
		{EB2E525E-2A36-463F-9871-BE289E276D5A}.Debug|Any CPU.Build.0 = Debug|Any CPU
		{EB2E525E-2A36-463F-9871-BE289E276D5A}.Release|Any CPU.ActiveCfg = Release|Any CPU
		{EB2E525E-2A36-463F-9871-BE289E276D5A}.Release|Any CPU.Build.0 = Release|Any CPU
		{117FEB4A-2384-453C-8E58-DF02548508E9}.Debug|Any CPU.ActiveCfg = Debug|Any CPU
		{117FEB4A-2384-453C-8E58-DF02548508E9}.Debug|Any CPU.Build.0 = Debug|Any CPU
		{117FEB4A-2384-453C-8E58-DF02548508E9}.Release|Any CPU.ActiveCfg = Release|Any CPU
		{117FEB4A-2384-453C-8E58-DF02548508E9}.Release|Any CPU.Build.0 = Release|Any CPU
		{1CD2D200-F4F2-4ABE-8FBB-2545F64EAF4F}.Debug|Any CPU.ActiveCfg = Debug|Any CPU
		{1CD2D200-F4F2-4ABE-8FBB-2545F64EAF4F}.Debug|Any CPU.Build.0 = Debug|Any CPU
		{1CD2D200-F4F2-4ABE-8FBB-2545F64EAF4F}.Release|Any CPU.ActiveCfg = Release|Any CPU
		{1CD2D200-F4F2-4ABE-8FBB-2545F64EAF4F}.Release|Any CPU.Build.0 = Release|Any CPU
	EndGlobalSection
	GlobalSection(SolutionProperties) = preSolution
		HideSolutionNode = FALSE
	EndGlobalSection
	GlobalSection(ExtensibilityGlobals) = postSolution
		SolutionGuid = {6FA324A8-54A0-49C4-AD25-B28276FC8BF6}
	EndGlobalSection
EndGlobal
